
Microsoft Visual Studio Solution File, Format Version 12.00
# Visual Studio Version 17
VisualStudioVersion = 17.14.36804.6 d17.14
MinimumVisualStudioVersion = 10.0.40219.1
Project("{888888A0-9F3D-457C-B088-3A5042F75D52}") = "AccAndDpo_back_tests", "AccAndDpo_back_tests.pyproj", "{6494F0A8-CED3-44D4-8687-607854D097A2}"
EndProject
Global
	GlobalSection(SolutionConfigurationPlatforms) = preSolution
		Debug|Any CPU = Debug|Any CPU
		Release|Any CPU = Release|Any CPU
	EndGlobalSection
	GlobalSection(ProjectConfigurationPlatforms) = postSolution
		{6494F0A8-CED3-44D4-8687-607854D097A2}.Debug|Any CPU.ActiveCfg = Debug|Any CPU
		{6494F0A8-CED3-44D4-8687-607854D097A2}.Release|Any CPU.ActiveCfg = Release|Any CPU
	EndGlobalSection
	GlobalSection(SolutionProperties) = preSolution
		HideSolutionNode = FALSE
	EndGlobalSection
	GlobalSection(ExtensibilityGlobals) = postSolution
		SolutionGuid = {F7D50143-0AB2-4B9D-9E70-0B94353735D1}
	EndGlobalSection
EndGlobal
